
Microsoft Visual Studio Solution File, Format Version 12.00
# Visual Studio Version 17
VisualStudioVersion = 17.14.36202.13
MinimumVisualStudioVersion = 10.0.40219.1
Project("{2150E333-8FDC-42A3-9474-1A3956D46DE8}") = "src", "src", "{02EA681E-C7D8-13C7-8484-4AC65E1B71E8}"
EndProject
Project("{2150E333-8FDC-42A3-9474-1A3956D46DE8}") = "test", "test", "{1A3207E1-E7FE-4BA4-93D9-519E4F07B6A4}"
EndProject
Project("{2150E333-8FDC-42A3-9474-1A3956D46DE8}") = "Domain", "Domain", "{9D071B40-7981-408D-8B81-6E2F5EFFE453}"
EndProject
Project("{2150E333-8FDC-42A3-9474-1A3956D46DE8}") = "Infrastructure", "Infrastructure", "{93A97063-E518-4938-91D8-A4AAD0B8D3B1}"
EndProject
Project("{2150E333-8FDC-42A3-9474-1A3956D46DE8}") = "Presentation", "Presentation", "{C9D616C9-9E47-4185-A0AF-4C9114DE91B9}"
EndProject
Project("{FAE04EC0-301F-11D3-BF4B-00C04F79EFBC}") = "SocialApp.DOMAIN", "src\Core\SocialApp.DOMAIN\SocialApp.DOMAIN.csproj", "{9A9376D4-A731-4C38-922B-9F5F1B2665D9}"
EndProject
Project("{FAE04EC0-301F-11D3-BF4B-00C04F79EFBC}") = "SocialApp.APPLICATION", "src\Core\SocialApp.APPLICATION\SocialApp.APPLICATION.csproj", "{0EC6001B-679F-433F-B0C9-07FF154A4C71}"
EndProject
Project("{FAE04EC0-301F-11D3-BF4B-00C04F79EFBC}") = "SocialApp.INFRASTRUCTURE", "src\Infrastructure\SocialApp.INFRASTRUCTURE\SocialApp.INFRASTRUCTURE.csproj", "{46FF3C1E-EE03-491D-B2A3-EB9D50C91078}"
EndProject
Project("{FAE04EC0-301F-11D3-BF4B-00C04F79EFBC}") = "SocialApp.PERSISTENCE", "src\Infrastructure\SocialApp.PERSISTENCE\SocialApp.PERSISTENCE.csproj", "{A053FD19-5178-4C8F-9427-0FE811CFE6AB}"
EndProject
Project("{FAE04EC0-301F-11D3-BF4B-00C04F79EFBC}") = "SocialApp.MVC", "src\Presentation\SocialApp.MVC\SocialApp.MVC.csproj", "{A77FF739-4DEF-4AE5-A039-3F1DA1512C9A}"
EndProject
Global
	GlobalSection(SolutionConfigurationPlatforms) = preSolution
		Debug|Any CPU = Debug|Any CPU
		Release|Any CPU = Release|Any CPU
	EndGlobalSection
	GlobalSection(ProjectConfigurationPlatforms) = postSolution
		{9A9376D4-A731-4C38-922B-9F5F1B2665D9}.Debug|Any CPU.ActiveCfg = Debug|Any CPU
		{9A9376D4-A731-4C38-922B-9F5F1B2665D9}.Debug|Any CPU.Build.0 = Debug|Any CPU
		{9A9376D4-A731-4C38-922B-9F5F1B2665D9}.Release|Any CPU.ActiveCfg = Release|Any CPU
		{9A9376D4-A731-4C38-922B-9F5F1B2665D9}.Release|Any CPU.Build.0 = Release|Any CPU
		{0EC6001B-679F-433F-B0C9-07FF154A4C71}.Debug|Any CPU.ActiveCfg = Debug|Any CPU
		{0EC6001B-679F-433F-B0C9-07FF154A4C71}.Debug|Any CPU.Build.0 = Debug|Any CPU
		{0EC6001B-679F-433F-B0C9-07FF154A4C71}.Release|Any CPU.ActiveCfg = Release|Any CPU
		{0EC6001B-679F-433F-B0C9-07FF154A4C71}.Release|Any CPU.Build.0 = Release|Any CPU
		{46FF3C1E-EE03-491D-B2A3-EB9D50C91078}.Debug|Any CPU.ActiveCfg = Debug|Any CPU
		{46FF3C1E-EE03-491D-B2A3-EB9D50C91078}.Debug|Any CPU.Build.0 = Debug|Any CPU
		{46FF3C1E-EE03-491D-B2A3-EB9D50C91078}.Release|Any CPU.ActiveCfg = Release|Any CPU
		{46FF3C1E-EE03-491D-B2A3-EB9D50C91078}.Release|Any CPU.Build.0 = Release|Any CPU
		{A053FD19-5178-4C8F-9427-0FE811CFE6AB}.Debug|Any CPU.ActiveCfg = Debug|Any CPU
		{A053FD19-5178-4C8F-9427-0FE811CFE6AB}.Debug|Any CPU.Build.0 = Debug|Any CPU
		{A053FD19-5178-4C8F-9427-0FE811CFE6AB}.Release|Any CPU.ActiveCfg = Release|Any CPU
		{A053FD19-5178-4C8F-9427-0FE811CFE6AB}.Release|Any CPU.Build.0 = Release|Any CPU
		{A77FF739-4DEF-4AE5-A039-3F1DA1512C9A}.Debug|Any CPU.ActiveCfg = Debug|Any CPU
		{A77FF739-4DEF-4AE5-A039-3F1DA1512C9A}.Debug|Any CPU.Build.0 = Debug|Any CPU
		{A77FF739-4DEF-4AE5-A039-3F1DA1512C9A}.Release|Any CPU.ActiveCfg = Release|Any CPU
		{A77FF739-4DEF-4AE5-A039-3F1DA1512C9A}.Release|Any CPU.Build.0 = Release|Any CPU
	EndGlobalSection
	GlobalSection(SolutionProperties) = preSolution
		HideSolutionNode = FALSE
	EndGlobalSection
	GlobalSection(NestedProjects) = preSolution
		{9D071B40-7981-408D-8B81-6E2F5EFFE453} = {02EA681E-C7D8-13C7-8484-4AC65E1B71E8}
		{93A97063-E518-4938-91D8-A4AAD0B8D3B1} = {02EA681E-C7D8-13C7-8484-4AC65E1B71E8}
		{C9D616C9-9E47-4185-A0AF-4C9114DE91B9} = {02EA681E-C7D8-13C7-8484-4AC65E1B71E8}
		{9A9376D4-A731-4C38-922B-9F5F1B2665D9} = {9D071B40-7981-408D-8B81-6E2F5EFFE453}
		{0EC6001B-679F-433F-B0C9-07FF154A4C71} = {9D071B40-7981-408D-8B81-6E2F5EFFE453}
		{46FF3C1E-EE03-491D-B2A3-EB9D50C91078} = {93A97063-E518-4938-91D8-A4AAD0B8D3B1}
		{A053FD19-5178-4C8F-9427-0FE811CFE6AB} = {93A97063-E518-4938-91D8-A4AAD0B8D3B1}
		{A77FF739-4DEF-4AE5-A039-3F1DA1512C9A} = {C9D616C9-9E47-4185-A0AF-4C9114DE91B9}
	EndGlobalSection
	GlobalSection(ExtensibilityGlobals) = postSolution
		SolutionGuid = {062E2BC2-E183-4FCC-A4CC-905A2F87C294}
	EndGlobalSection
EndGlobal
